
Microsoft Visual Studio Solution File, Format Version 11.00
# Visual Studio 2010
Project("{FAE04EC0-301F-11D3-BF4B-00C04F79EFBC}") = "PhotonUnityNetworking.Demos", "PhotonUnityNetworking.Demos.csproj", "{02c33e7a-7bc4-4713-e96f-fd25d48fccd2}"
EndProject
Project("{FAE04EC0-301F-11D3-BF4B-00C04F79EFBC}") = "PhotonUnityNetworking.Utilities", "PhotonUnityNetworking.Utilities.csproj", "{2ecc147c-1010-9b73-290b-116b97cf4687}"
EndProject
Project("{FAE04EC0-301F-11D3-BF4B-00C04F79EFBC}") = "PhotonChat", "PhotonChat.csproj", "{18fb97e2-b6d9-1928-3ada-d2466e2f8cf4}"
EndProject
Project("{FAE04EC0-301F-11D3-BF4B-00C04F79EFBC}") = "PhotonUnityNetworking", "PhotonUnityNetworking.csproj", "{b63e6cc9-5d2b-24e3-a103-ee5cae0dbd18}"
EndProject
Project("{FAE04EC0-301F-11D3-BF4B-00C04F79EFBC}") = "Assembly-CSharp", "Assembly-CSharp.csproj", "{abd40d9d-5692-e2ec-237d-d5cb78db28a6}"
EndProject
Project("{FAE04EC0-301F-11D3-BF4B-00C04F79EFBC}") = "PhotonRealtime", "PhotonRealtime.csproj", "{6cb56a3b-19e4-137b-f011-db069b7a5e94}"
EndProject
Project("{FAE04EC0-301F-11D3-BF4B-00C04F79EFBC}") = "PhotonWebSocket", "PhotonWebSocket.csproj", "{a0319254-36cc-048d-0ad7-73f8a00aa4f3}"
EndProject
Project("{FAE04EC0-301F-11D3-BF4B-00C04F79EFBC}") = "PhotonUnityNetworking.Editor", "PhotonUnityNetworking.Editor.csproj", "{0388ad50-b90b-a6f3-9a14-6878b33f34f8}"
EndProject
Project("{FAE04EC0-301F-11D3-BF4B-00C04F79EFBC}") = "PunDemos.DemoHubEditor", "PunDemos.DemoHubEditor.csproj", "{6df52b7c-e7a8-9739-6fe8-7ce424968f78}"
EndProject
Project("{FAE04EC0-301F-11D3-BF4B-00C04F79EFBC}") = "PhotonUnityNetworking.Utilities.PhotonPlayer.Editor", "PhotonUnityNetworking.Utilities.PhotonPlayer.Editor.csproj", "{a3b92769-b9c7-44b7-9f09-a253956a7ad9}"
EndProject
Project("{FAE04EC0-301F-11D3-BF4B-00C04F79EFBC}") = "PhotonUnityNetworking.Utilities.Culling.Editor", "PhotonUnityNetworking.Utilities.Culling.Editor.csproj", "{bda33683-ff67-adfa-5801-55cc949e87cc}"
EndProject
Project("{FAE04EC0-301F-11D3-BF4B-00C04F79EFBC}") = "Assembly-CSharp-Editor-firstpass", "Assembly-CSharp-Editor-firstpass.csproj", "{0ca8495a-5fc4-bce7-52b3-8e342186e9fc}"
EndProject
Project("{FAE04EC0-301F-11D3-BF4B-00C04F79EFBC}") = "PunDemos.DemoSlotcarEditor", "PunDemos.DemoSlotcarEditor.csproj", "{923857ab-1799-cea4-9812-0a2a17a442cf}"
EndProject
Global
	GlobalSection(SolutionConfigurationPlatforms) = preSolution
		Debug|Any CPU = Debug|Any CPU
		Release|Any CPU = Release|Any CPU
	EndGlobalSection
	GlobalSection(ProjectConfigurationPlatforms) = postSolution
		{02c33e7a-7bc4-4713-e96f-fd25d48fccd2}.Debug|Any CPU.ActiveCfg = Debug|Any CPU
		{02c33e7a-7bc4-4713-e96f-fd25d48fccd2}.Debug|Any CPU.Build.0 = Debug|Any CPU
		{02c33e7a-7bc4-4713-e96f-fd25d48fccd2}.Release|Any CPU.ActiveCfg = Release|Any CPU
		{02c33e7a-7bc4-4713-e96f-fd25d48fccd2}.Release|Any CPU.Build.0 = Release|Any CPU
		{2ecc147c-1010-9b73-290b-116b97cf4687}.Debug|Any CPU.ActiveCfg = Debug|Any CPU
		{2ecc147c-1010-9b73-290b-116b97cf4687}.Debug|Any CPU.Build.0 = Debug|Any CPU
		{2ecc147c-1010-9b73-290b-116b97cf4687}.Release|Any CPU.ActiveCfg = Release|Any CPU
		{2ecc147c-1010-9b73-290b-116b97cf4687}.Release|Any CPU.Build.0 = Release|Any CPU
		{18fb97e2-b6d9-1928-3ada-d2466e2f8cf4}.Debug|Any CPU.ActiveCfg = Debug|Any CPU
		{18fb97e2-b6d9-1928-3ada-d2466e2f8cf4}.Debug|Any CPU.Build.0 = Debug|Any CPU
		{18fb97e2-b6d9-1928-3ada-d2466e2f8cf4}.Release|Any CPU.ActiveCfg = Release|Any CPU
		{18fb97e2-b6d9-1928-3ada-d2466e2f8cf4}.Release|Any CPU.Build.0 = Release|Any CPU
		{b63e6cc9-5d2b-24e3-a103-ee5cae0dbd18}.Debug|Any CPU.ActiveCfg = Debug|Any CPU
		{b63e6cc9-5d2b-24e3-a103-ee5cae0dbd18}.Debug|Any CPU.Build.0 = Debug|Any CPU
		{b63e6cc9-5d2b-24e3-a103-ee5cae0dbd18}.Release|Any CPU.ActiveCfg = Release|Any CPU
		{b63e6cc9-5d2b-24e3-a103-ee5cae0dbd18}.Release|Any CPU.Build.0 = Release|Any CPU
		{abd40d9d-5692-e2ec-237d-d5cb78db28a6}.Debug|Any CPU.ActiveCfg = Debug|Any CPU
		{abd40d9d-5692-e2ec-237d-d5cb78db28a6}.Debug|Any CPU.Build.0 = Debug|Any CPU
		{abd40d9d-5692-e2ec-237d-d5cb78db28a6}.Release|Any CPU.ActiveCfg = Release|Any CPU
		{abd40d9d-5692-e2ec-237d-d5cb78db28a6}.Release|Any CPU.Build.0 = Release|Any CPU
		{6cb56a3b-19e4-137b-f011-db069b7a5e94}.Debug|Any CPU.ActiveCfg = Debug|Any CPU
		{6cb56a3b-19e4-137b-f011-db069b7a5e94}.Debug|Any CPU.Build.0 = Debug|Any CPU
		{6cb56a3b-19e4-137b-f011-db069b7a5e94}.Release|Any CPU.ActiveCfg = Release|Any CPU
		{6cb56a3b-19e4-137b-f011-db069b7a5e94}.Release|Any CPU.Build.0 = Release|Any CPU
		{a0319254-36cc-048d-0ad7-73f8a00aa4f3}.Debug|Any CPU.ActiveCfg = Debug|Any CPU
		{a0319254-36cc-048d-0ad7-73f8a00aa4f3}.Debug|Any CPU.Build.0 = Debug|Any CPU
		{a0319254-36cc-048d-0ad7-73f8a00aa4f3}.Release|Any CPU.ActiveCfg = Release|Any CPU
		{a0319254-36cc-048d-0ad7-73f8a00aa4f3}.Release|Any CPU.Build.0 = Release|Any CPU
		{0388ad50-b90b-a6f3-9a14-6878b33f34f8}.Debug|Any CPU.ActiveCfg = Debug|Any CPU
		{0388ad50-b90b-a6f3-9a14-6878b33f34f8}.Debug|Any CPU.Build.0 = Debug|Any CPU
		{0388ad50-b90b-a6f3-9a14-6878b33f34f8}.Release|Any CPU.ActiveCfg = Release|Any CPU
		{0388ad50-b90b-a6f3-9a14-6878b33f34f8}.Release|Any CPU.Build.0 = Release|Any CPU
		{6df52b7c-e7a8-9739-6fe8-7ce424968f78}.Debug|Any CPU.ActiveCfg = Debug|Any CPU
		{6df52b7c-e7a8-9739-6fe8-7ce424968f78}.Debug|Any CPU.Build.0 = Debug|Any CPU
		{6df52b7c-e7a8-9739-6fe8-7ce424968f78}.Release|Any CPU.ActiveCfg = Release|Any CPU
		{6df52b7c-e7a8-9739-6fe8-7ce424968f78}.Release|Any CPU.Build.0 = Release|Any CPU
		{a3b92769-b9c7-44b7-9f09-a253956a7ad9}.Debug|Any CPU.ActiveCfg = Debug|Any CPU
		{a3b92769-b9c7-44b7-9f09-a253956a7ad9}.Debug|Any CPU.Build.0 = Debug|Any CPU
		{a3b92769-b9c7-44b7-9f09-a253956a7ad9}.Release|Any CPU.ActiveCfg = Release|Any CPU
		{a3b92769-b9c7-44b7-9f09-a253956a7ad9}.Release|Any CPU.Build.0 = Release|Any CPU
		{bda33683-ff67-adfa-5801-55cc949e87cc}.Debug|Any CPU.ActiveCfg = Debug|Any CPU
		{bda33683-ff67-adfa-5801-55cc949e87cc}.Debug|Any CPU.Build.0 = Debug|Any CPU
		{bda33683-ff67-adfa-5801-55cc949e87cc}.Release|Any CPU.ActiveCfg = Release|Any CPU
		{bda33683-ff67-adfa-5801-55cc949e87cc}.Release|Any CPU.Build.0 = Release|Any CPU
		{0ca8495a-5fc4-bce7-52b3-8e342186e9fc}.Debug|Any CPU.ActiveCfg = Debug|Any CPU
		{0ca8495a-5fc4-bce7-52b3-8e342186e9fc}.Debug|Any CPU.Build.0 = Debug|Any CPU
		{0ca8495a-5fc4-bce7-52b3-8e342186e9fc}.Release|Any CPU.ActiveCfg = Release|Any CPU
		{0ca8495a-5fc4-bce7-52b3-8e342186e9fc}.Release|Any CPU.Build.0 = Release|Any CPU
		{923857ab-1799-cea4-9812-0a2a17a442cf}.Debug|Any CPU.ActiveCfg = Debug|Any CPU
		{923857ab-1799-cea4-9812-0a2a17a442cf}.Debug|Any CPU.Build.0 = Debug|Any CPU
		{923857ab-1799-cea4-9812-0a2a17a442cf}.Release|Any CPU.ActiveCfg = Release|Any CPU
		{923857ab-1799-cea4-9812-0a2a17a442cf}.Release|Any CPU.Build.0 = Release|Any CPU
	EndGlobalSection
	GlobalSection(SolutionProperties) = preSolution
		HideSolutionNode = FALSE
	EndGlobalSection
EndGlobal
